{
  "name": "cml-demo",
  "version": "1.0.0",
  "lockfileVersion": 1,
  "requires": true,
  "dependencies": {
    "@antv/adjust": {
      "version": "0.1.1",
      "resolved": "http://r.cnpmjs.org/@antv/adjust/download/@antv/adjust-0.1.1.tgz",
      "integrity": "sha1-4mOrDhoZQaZIhC/Ahs9lp+O3Xpg=",
      "requires": {
        "@antv/util": "~1.3.1"
      },
      "dependencies": {
        "@antv/util": {
          "version": "1.3.1",
          "resolved": "http://r.cnpmjs.org/@antv/util/download/@antv/util-1.3.1.tgz",
          "integrity": "sha1-MKNLIB/5Em7A1YxyyBZqnD5kTM0=",
          "requires": {
            "@antv/gl-matrix": "^2.7.1"
          }
        }
      }
    },
    "@antv/attr": {
      "version": "0.0.7",
      "resolved": "http://r.cnpmjs.org/@antv/attr/download/@antv/attr-0.0.7.tgz",
      "integrity": "sha1-Mz8lLONfw+/fitSARsJjpr4tfQQ=",
      "requires": {
        "@antv/util": "~1.2.5"
      }
    },
    "@antv/f2": {
      "version": "3.3.5",
      "resolved": "http://r.cnpmjs.org/@antv/f2/download/@antv/f2-3.3.5.tgz",
      "integrity": "sha1-ER1D1STi3kXWpQteCqUKDC4tfgU=",
      "requires": {
        "@antv/adjust": "~0.1.1",
        "@antv/attr": "~0.0.3",
        "@antv/scale": "~0.0.6",
        "@antv/util": "~1.2.5",
        "hammerjs": "^2.0.8"
      }
    },
    "@antv/gl-matrix": {
      "version": "2.7.1",
      "resolved": "http://r.cnpmjs.org/@antv/gl-matrix/download/@antv/gl-matrix-2.7.1.tgz",
      "integrity": "sha1-rLjjf3qz3wE0WrpDcteUK+QuuhQ="
    },
    "@antv/scale": {
      "version": "0.0.9",
      "resolved": "http://r.cnpmjs.org/@antv/scale/download/@antv/scale-0.0.9.tgz",
      "integrity": "sha1-JKltPDpKUHMVqaM15aQ1vk1szUU=",
      "requires": {
        "@antv/util": "~1.2.5",
        "fecha": "~2.3.3"
      }
    },
    "@antv/util": {
      "version": "1.2.5",
      "resolved": "http://r.cnpmjs.org/@antv/util/download/@antv/util-1.2.5.tgz",
      "integrity": "sha1-iJbFBV7Cnko0S12ql7+CkF99QM0=",
      "requires": {
        "@antv/gl-matrix": "^2.7.1"
      }
    },
    "animation-util": {
      "version": "1.0.10",
      "resolved": "http://r.cnpmjs.org/animation-util/download/animation-util-1.0.10.tgz",
      "integrity": "sha1-1wa+vyGRisdsL9Sgs7n5NhcT/Oo=",
      "requires": {
        "object-assign": "^4.1.1"
      }
    },
    "array-filter": {
      "version": "1.0.0",
      "resolved": "http://r.cnpmjs.org/array-filter/download/array-filter-1.0.0.tgz",
      "integrity": "sha1-uveeYubvTCpMC4MSMtr/7CUfnYM="
    },
    "array-find": {
      "version": "1.0.0",
      "resolved": "http://r.cnpmjs.org/array-find/download/array-find-1.0.0.tgz",
      "integrity": "sha1-bI4obRHtdoMn+OYuzuhzU8o+eLg="
    },
    "array-map": {
      "version": "0.0.0",
      "resolved": "http://r.cnpmjs.org/array-map/download/array-map-0.0.0.tgz",
      "integrity": "sha1-iKK6tz0c97zVwbEYoAP2b2ZfpmI="
    },
    "array-shuffle": {
      "version": "1.0.1",
      "resolved": "http://r.cnpmjs.org/array-shuffle/download/array-shuffle-1.0.1.tgz",
      "integrity": "sha1-fqSIKjVrS8pfVF4LblLq9tlxVXo="
    },
    "async-validator": {
      "version": "1.10.1",
      "resolved": "http://r.cnpmjs.org/async-validator/download/async-validator-1.10.1.tgz",
      "integrity": "sha1-QemwufjnGebt+UY3LwGKlYwucPM=",
      "requires": {
        "babel-runtime": "6.x"
      }
    },
    "autosize": {
      "version": "3.0.21",
      "resolved": "http://r.cnpmjs.org/autosize/download/autosize-3.0.21.tgz",
      "integrity": "sha1-8YL0DRd1fZeKE5pMnKQMTA5EhgM="
    },
    "axios": {
      "version": "0.15.3",
      "resolved": "http://r.cnpmjs.org/axios/download/axios-0.15.3.tgz",
      "integrity": "sha1-LJ1jiy4ZGgjqHWzJiOrda6W9wFM=",
      "requires": {
        "follow-redirects": "1.0.0"
      }
    },
    "babel-runtime": {
      "version": "6.26.0",
      "resolved": "http://r.cnpmjs.org/babel-runtime/download/babel-runtime-6.26.0.tgz",
      "integrity": "sha1-llxwWGaOgrVde/4E/yM3vItWR/4=",
      "requires": {
        "core-js": "^2.4.0",
        "regenerator-runtime": "^0.11.0"
      },
      "dependencies": {
        "regenerator-runtime": {
          "version": "0.11.1",
          "resolved": "http://r.cnpmjs.org/regenerator-runtime/download/regenerator-runtime-0.11.1.tgz",
          "integrity": "sha1-vgWtf5v30i4Fb5cmzuUBf78Z4uk="
        }
      }
    },
    "batch-processor": {
      "version": "1.0.0",
      "resolved": "http://r.cnpmjs.org/batch-processor/download/batch-processor-1.0.0.tgz",
      "integrity": "sha1-dclcMrdI4IUNEMKxaPa9vpiRrOg="
    },
    "better-scroll": {
      "version": "1.12.6",
      "resolved": "http://r.cnpmjs.org/better-scroll/download/better-scroll-1.12.6.tgz",
      "integrity": "sha1-dUiGD4uMCMh+WvBi4dpuLGjJgzc=",
      "requires": {
        "babel-runtime": "^6.0.0"
      }
    },
    "big.js": {
      "version": "3.2.0",
      "resolved": "http://r.cnpmjs.org/big.js/download/big.js-3.2.0.tgz",
      "integrity": "sha1-pfwpi4G54Nyi5FiCR4S2XFK6WI4="
    },
    "bindingx-parser": {
      "version": "0.0.3",
      "resolved": "http://r.cnpmjs.org/bindingx-parser/download/bindingx-parser-0.0.3.tgz",
      "integrity": "sha1-sV6bVhFcOZFGqlbjqW+sNAmCl60="
    },
    "bindingx-web-polyfill": {
      "version": "0.1.18",
      "resolved": "http://r.cnpmjs.org/bindingx-web-polyfill/download/bindingx-web-polyfill-0.1.18.tgz",
      "integrity": "sha1-RTG87woseAcxudCg9lGAcQnygnA=",
      "requires": {
        "animation-util": "^1.0.10",
        "object-assign": "^4.1.1",
        "simple-lodash": "^0.0.3"
      },
      "dependencies": {
        "simple-lodash": {
          "version": "0.0.3",
          "resolved": "http://r.cnpmjs.org/simple-lodash/download/simple-lodash-0.0.3.tgz",
          "integrity": "sha1-YSrhwF9pCEgdjDQuy+NmPSN5QeA="
        }
      }
    },
    "blueimp-md5": {
      "version": "2.10.0",
      "resolved": "http://r.cnpmjs.org/blueimp-md5/download/blueimp-md5-2.10.0.tgz",
      "integrity": "sha1-AvCEOSH5DcoU9biSCjhZMgHWlk0="
    },
    "chameleon-api": {
      "version": "0.2.0",
      "resolved": "http://registry.npm.xiaojukeji.com/chameleon-api/download/chameleon-api-0.2.0.tgz",
      "integrity": "sha1-FxsM6p3Ix1330sozbUkhjVfxGnE=",
      "requires": {
        "chameleon-bridge": "0.1.0",
        "child_process": "^1.0.2",
        "fetch-detector": "^1.0.1",
        "fetch-ie8": "^1.5.0"
      }
    },
    "chameleon-bridge": {
      "version": "0.1.0",
      "resolved": "https://registry.npmjs.org/chameleon-bridge/-/chameleon-bridge-0.1.0.tgz",
      "integrity": "sha512-1Qc7F4ts0zlfglGn3VnVSPg3SRge37gu5/EQ+Mz8K3vqpRgoXGPN6cRtK+4wrvqox740gml+yWsuV10GY2xB1A=="
    },
    "chameleon-runtime": {
      "version": "0.0.4",
      "resolved": "http://registry.npm.xiaojukeji.com/chameleon-runtime/download/chameleon-runtime-0.0.4.tgz",
      "integrity": "sha1-1vmDECnNXxXLupCdG0npXtcxFZ8=",
      "requires": {
        "mobx": "3.6.1"
      }
    },
    "chameleon-scroll": {
      "version": "0.0.3",
      "resolved": "http://registry.npm.xiaojukeji.com/chameleon-scroll/download/chameleon-scroll-0.0.3.tgz",
      "integrity": "sha1-SXkeP9DaZq4lrJQMP5C4A5FXqgM="
    },
    "chameleon-store": {
      "version": "0.0.3",
      "resolved": "https://registry.npmjs.org/chameleon-store/-/chameleon-store-0.0.3.tgz",
      "integrity": "sha512-f6lmeDW01xnau71iXK52haomD2etmQg+gBvVFO5T84eqs9AxtXiRkYAjxl/rqu+ejFACAm1nWMfAjXldw0lUTQ==",
      "requires": {
        "mobx": "3.6.1",
        "vuex": "3.0.1"
      }
    },
    "chameleon-ui-builtin": {
      "version": "0.0.7-alpha",
      "resolved": "http://registry.npm.xiaojukeji.com/chameleon-ui-builtin/download/chameleon-ui-builtin-0.0.7-alpha.tgz",
      "integrity": "sha1-+Ss2BmaV0VjbfLM8sk6UKL/Zb6A=",
      "requires": {
        "chameleon-scroll": "0.0.3"
      }
    },
    "child_process": {
      "version": "1.0.2",
      "resolved": "http://registry.npm.xiaojukeji.com/child_process/download/child_process-1.0.2.tgz",
      "integrity": "sha1-sffn/HPSXn/R1FWtyU4UODAYK1o="
    },
    "classnames": {
      "version": "2.2.6",
      "resolved": "http://registry.npm.xiaojukeji.com/classnames/download/classnames-2.2.6.tgz",
      "integrity": "sha1-Q5Nb/90pHzJtrQogUwmzjQD2UM4="
    },
    "cml-ui": {
      "version": "0.0.7-alpha",
      "resolved": "http://registry.npm.xiaojukeji.com/cml-ui/download/cml-ui-0.0.7-alpha.tgz",
      "integrity": "sha1-HiQs7zUDArG9gwsYgml1oADocQ8=",
      "requires": {
        "classnames": "2.2.6"
      }
    },
    "core-js": {
      "version": "2.6.5",
      "resolved": "http://r.cnpmjs.org/core-js/download/core-js-2.6.5.tgz",
      "integrity": "sha1-RLyNJJ5/sv9dAOA0Gn/7lPv2eJU="
    },
    "countup.js": {
      "version": "1.9.3",
      "resolved": "http://r.cnpmjs.org/countup.js/download/countup.js-1.9.3.tgz",
      "integrity": "sha1-zj5QzXFgRB5HjwfaMYle3MDxyd0="
    },
    "cube-ui": {
      "version": "1.12.11",
      "resolved": "http://r.cnpmjs.org/cube-ui/download/cube-ui-1.12.11.tgz",
      "integrity": "sha1-tNHBQfVnqrvG6Oh7fss1pnsSrVw=",
      "requires": {
        "better-scroll": "~1.12.6",
        "vue-create-api": "^0.2.0"
      }
    },
    "debug": {
      "version": "2.6.9",
      "resolved": "http://r.cnpmjs.org/debug/download/debug-2.6.9.tgz",
      "integrity": "sha1-XRKFFd8TT/Mn6QpMk/Tgd6U2NB8=",
      "requires": {
        "ms": "2.0.0"
      }
    },
    "deepmerge": {
      "version": "2.2.1",
      "resolved": "http://r.cnpmjs.org/deepmerge/download/deepmerge-2.2.1.tgz",
      "integrity": "sha1-XT/yKgHAD2RUBaL7wX0HeKGAEXA="
    },
    "element-resize-detector": {
      "version": "1.2.0",
      "resolved": "http://r.cnpmjs.org/element-resize-detector/download/element-resize-detector-1.2.0.tgz",
      "integrity": "sha1-YzRP1vTl7P9vAY0Cfheygf1Pozg=",
      "requires": {
        "batch-processor": "1.0.0"
      }
    },
    "fastclick": {
      "version": "1.0.6",
      "resolved": "http://r.cnpmjs.org/fastclick/download/fastclick-1.0.6.tgz",
      "integrity": "sha1-FhYlsnsaWAZAWTa9qaLBkm0Gvmo="
    },
    "fecha": {
      "version": "2.3.3",
      "resolved": "http://r.cnpmjs.org/fecha/download/fecha-2.3.3.tgz",
      "integrity": "sha1-lI50FX3xoy/RsSw6PDzctuydls0="
    },
    "fetch-detector": {
      "version": "1.0.1",
      "resolved": "http://registry.npm.xiaojukeji.com/fetch-detector/download/fetch-detector-1.0.1.tgz",
      "integrity": "sha1-bLPq9zjCcnhi6GiA1hIUI+qkIIM="
    },
    "fetch-ie8": {
      "version": "1.5.0",
      "resolved": "http://registry.npm.xiaojukeji.com/fetch-ie8/download/fetch-ie8-1.5.0.tgz",
      "integrity": "sha1-8RQcP5bLyJN6oxsPvBp3AiD7wVs="
    },
    "follow-redirects": {
      "version": "1.0.0",
      "resolved": "http://r.cnpmjs.org/follow-redirects/download/follow-redirects-1.0.0.tgz",
      "integrity": "sha1-jjQpjL0uF28lTv/sdaHHjMhJ/Tc=",
      "requires": {
        "debug": "^2.2.0"
      }
    },
    "hammerjs": {
      "version": "2.0.8",
      "resolved": "http://r.cnpmjs.org/hammerjs/download/hammerjs-2.0.8.tgz",
      "integrity": "sha1-BO93hiz/K7edMPdpIJWTAiK/YPE="
    },
    "iview": {
      "version": "3.2.2",
      "resolved": "http://r.cnpmjs.org/iview/download/iview-3.2.2.tgz",
      "integrity": "sha1-W32NtdHqcRzDn6rmBFeqA1TLUsg=",
      "requires": {
        "async-validator": "^1.10.0",
        "deepmerge": "^2.2.1",
        "element-resize-detector": "^1.2.0",
        "js-calendar": "^1.2.3",
        "lodash.throttle": "^4.1.1",
        "popper.js": "^1.14.6",
        "tinycolor2": "^1.4.1",
        "v-click-outside-x": "^3.5.6"
      }
    },
    "js-calendar": {
      "version": "1.2.3",
      "resolved": "http://r.cnpmjs.org/js-calendar/download/js-calendar-1.2.3.tgz",
      "integrity": "sha1-pYOwZEtOaVujlPNE0QPbzHp6fT4="
    },
    "lodash.debounce": {
      "version": "4.0.8",
      "resolved": "http://r.cnpmjs.org/lodash.debounce/download/lodash.debounce-4.0.8.tgz",
      "integrity": "sha1-gteb/zCmfEAF/9XiUVMArZyk168="
    },
    "lodash.throttle": {
      "version": "4.1.1",
      "resolved": "http://r.cnpmjs.org/lodash.throttle/download/lodash.throttle-4.1.1.tgz",
      "integrity": "sha1-wj6RtxAkKscMN/HhzaknTMOb8vQ="
    },
    "mobx": {
      "version": "3.6.1",
      "resolved": "https://registry.npmjs.org/mobx/-/mobx-3.6.1.tgz",
      "integrity": "sha1-rmOo8A4UhadA0Pka4val9o4wO+o="
    },
    "ms": {
      "version": "2.0.0",
      "resolved": "http://r.cnpmjs.org/ms/download/ms-2.0.0.tgz",
      "integrity": "sha1-VgiurfwAvmwpAd9fmGF4jeDVl8g="
    },
    "object-assign": {
      "version": "4.1.1",
      "resolved": "http://r.cnpmjs.org/object-assign/download/object-assign-4.1.1.tgz",
      "integrity": "sha1-IQmtx5ZYh8/AXLvUQsrIv7s2CGM="
    },
    "popper.js": {
      "version": "1.14.7",
      "resolved": "http://r.cnpmjs.org/popper.js/download/popper.js-1.14.7.tgz",
      "integrity": "sha1-4x7AbPrGqXpTKAw+VeTgyGDnc44="
    },
    "qr.js": {
      "version": "0.0.0",
      "resolved": "http://r.cnpmjs.org/qr.js/download/qr.js-0.0.0.tgz",
      "integrity": "sha1-ys6GOG9ZoNuAUPqQ2baw6IoeNk8="
    },
    "querystringify": {
      "version": "2.1.0",
      "resolved": "http://r.cnpmjs.org/querystringify/download/querystringify-2.1.0.tgz",
      "integrity": "sha1-fe2N+/eHncxg0KZErGdUsoOtF+8="
    },
    "requires-port": {
      "version": "1.0.0",
      "resolved": "http://r.cnpmjs.org/requires-port/download/requires-port-1.0.0.tgz",
      "integrity": "sha1-kl0mAdOaxIXgkc8NpcbmlNw9yv8="
    },
    "shake.js": {
      "version": "1.2.2",
      "resolved": "http://r.cnpmjs.org/shake.js/download/shake.js-1.2.2.tgz",
      "integrity": "sha1-sqxWCoKr5o14oCliOnCI4bMLrP8="
    },
    "simple-lodash": {
      "version": "0.0.2",
      "resolved": "http://r.cnpmjs.org/simple-lodash/download/simple-lodash-0.0.2.tgz",
      "integrity": "sha1-2OtKYOmWpVClwa3ajvu3YpiSRrE="
    },
    "tinycolor2": {
      "version": "1.4.1",
      "resolved": "http://r.cnpmjs.org/tinycolor2/download/tinycolor2-1.4.1.tgz",
      "integrity": "sha1-9PrTM0R7wLB9TcjpIJ2POaisd+g="
    },
    "universal-env": {
      "version": "0.6.6",
      "resolved": "http://r.cnpmjs.org/universal-env/download/universal-env-0.6.6.tgz",
      "integrity": "sha1-3VrfgWqOw+kI1ISOFxTf4w3YqXA="
    },
    "url-parse": {
      "version": "1.4.4",
      "resolved": "http://r.cnpmjs.org/url-parse/download/url-parse-1.4.4.tgz",
      "integrity": "sha1-ysFVbpX6oDA2kf7Fz51aG8NGSPg=",
      "requires": {
        "querystringify": "^2.0.0",
        "requires-port": "^1.0.0"
      }
    },
    "v-click-outside-x": {
      "version": "3.7.1",
      "resolved": "http://r.cnpmjs.org/v-click-outside-x/download/v-click-outside-x-3.7.1.tgz",
      "integrity": "sha1-qgPqoOQeRMtSB9z4bC2fDdZAhME="
    },
    "validator": {
      "version": "9.4.1",
      "resolved": "http://r.cnpmjs.org/validator/download/validator-9.4.1.tgz",
      "integrity": "sha1-q/Rm05i1Yc0kMFARLG/x3mzBJmM="
    },
    "vanilla-masker": {
      "version": "1.2.0",
      "resolved": "http://r.cnpmjs.org/vanilla-masker/download/vanilla-masker-1.2.0.tgz",
      "integrity": "sha1-woMOnZlKX+zSJhUGR3wnB/5Yl1Y="
    },
    "vue-create-api": {
      "version": "0.2.0",
      "resolved": "http://r.cnpmjs.org/vue-create-api/download/vue-create-api-0.2.0.tgz",
      "integrity": "sha1-q+tw/xry+jiB8CR1TUkDSnlRxu8="
    },
    "vuex": {
      "version": "3.0.1",
      "resolved": "https://registry.npmjs.org/vuex/-/vuex-3.0.1.tgz",
      "integrity": "sha512-wLoqz0B7DSZtgbWL1ShIBBCjv22GV5U+vcBFox658g6V0s4wZV9P4YjCNyoHSyIBpj1f29JBoNQIqD82cR4O3w=="
    },
    "vux": {
      "version": "2.9.2",
      "resolved": "http://r.cnpmjs.org/vux/download/vux-2.9.2.tgz",
      "integrity": "sha1-nGZkEGtX0zplZsaPdW+aiLG8Gkc=",
      "requires": {
        "@antv/f2": "^3.1.4-beta.2",
        "array-filter": "^1.0.0",
        "array-find": "^1.0.0",
        "array-map": "^0.0.0",
        "array-shuffle": "^1.0.1",
        "autosize": "^3.0.20",
        "axios": "^0.15.3",
        "big.js": "^3.1.3",
        "blueimp-md5": "^2.6.0",
        "countup.js": "^1.8.1",
        "fastclick": "^1.0.6",
        "lodash.debounce": "^4.0.8",
        "lodash.throttle": "^4.1.1",
        "object-assign": "^4.1.0",
        "qr.js": "0.0.0",
        "shake.js": "^1.2.2",
        "validator": "^9.3.0",
        "vanilla-masker": "^1.2.0",
        "vux-blazy": "^1.6.4",
        "vux-xscroll": "^3.1.10",
        "x-photoswipe": "^4.1.3-rc.1"
      }
    },
    "vux-blazy": {
      "version": "1.6.4",
      "resolved": "http://r.cnpmjs.org/vux-blazy/download/vux-blazy-1.6.4.tgz",
      "integrity": "sha1-4zBz2QLgo4RO8aRjzOPKLgqrR78="
    },
    "vux-xscroll": {
      "version": "3.1.12",
      "resolved": "http://r.cnpmjs.org/vux-xscroll/download/vux-xscroll-3.1.12.tgz",
      "integrity": "sha1-41Ln+dxfn+6SU9szHJZ91Ws7yVA="
    },
    "weex-bindingx": {
      "version": "0.0.17",
      "resolved": "http://r.cnpmjs.org/weex-bindingx/download/weex-bindingx-0.0.17.tgz",
      "integrity": "sha1-CJhlBsTsmY+IZPDEY1umRsCREZk=",
      "requires": {
        "bindingx-parser": "0.x.x",
        "bindingx-web-polyfill": "0.x.x",
        "object-assign": "^4.1.1",
        "simple-lodash": "^0.0.2",
        "universal-env": "0.x.x"
      }
    },
    "weex-ui": {
      "version": "0.6.9",
      "resolved": "http://r.cnpmjs.org/weex-ui/download/weex-ui-0.6.9.tgz",
      "integrity": "sha1-zpryYDMuPPoDWQVWLKxKolR2S2w=",
      "requires": {
        "url-parse": "^1.4.3",
        "weex-bindingx": "0.0.17"
      }
    },
    "x-photoswipe": {
      "version": "4.1.3-rc.1",
      "resolved": "http://r.cnpmjs.org/x-photoswipe/download/x-photoswipe-4.1.3-rc.1.tgz",
      "integrity": "sha1-52GQF1LdPdH3GOU4UUtgm13199s="
    }
  }
}
